{
  "name": "crawler",
  "lockfileVersion": 3,
  "requires": true,
  "packages": {
    "": {
      "dependencies": {
        "crypto-js": "^4.1.1",
        "rsa-javascript": "^1.0.1"
      }
    },
    "node_modules/crypto-js": {
      "version": "4.1.1",
      "resolved": "https://registry.npmjs.org/crypto-js/-/crypto-js-4.1.1.tgz",
      "integrity": "sha512-o2JlM7ydqd3Qk9CA0L4NL6mTzU2sdx96a+oOfPu8Mkl/PK51vSyoi8/rQ8NknZtk44vq15lmhAj9CIAGwgeWKw=="
    },
    "node_modules/rsa-javascript": {
      "version": "1.0.1",
      "resolved": "https://registry.npmjs.org/rsa-javascript/-/rsa-javascript-1.0.1.tgz",
      "integrity": "sha512-Zy2M0kdaaIku1h1+AmgpKUSAuZTtGja4ug1EuMuSmqhzJ/RBEUIesGMvvJGYH3kjrJkp34JjhqTCBtxnWVLa1w=="
    }
  }
}
